
Microsoft Visual Studio Solution File, Format Version 12.00
# Visual Studio Version 17
VisualStudioVersion = 17.13.35931.197 d17.13
MinimumVisualStudioVersion = 10.0.40219.1
Project("{FAE04EC0-301F-11D3-BF4B-00C04F79EFBC}") = "LLMProxy", "LLMProxy.csproj", "{3A857A7D-72D9-C94C-C20E-90A495156C2C}"
EndProject
Global
	GlobalSection(SolutionConfigurationPlatforms) = preSolution
		Debug|Any CPU = Debug|Any CPU
		Release|Any CPU = Release|Any CPU
	EndGlobalSection
	GlobalSection(ProjectConfigurationPlatforms) = postSolution
		{3A857A7D-72D9-C94C-C20E-90A495156C2C}.Debug|Any CPU.ActiveCfg = Debug|Any CPU
		{3A857A7D-72D9-C94C-C20E-90A495156C2C}.Debug|Any CPU.Build.0 = Debug|Any CPU
		{3A857A7D-72D9-C94C-C20E-90A495156C2C}.Release|Any CPU.ActiveCfg = Release|Any CPU
		{3A857A7D-72D9-C94C-C20E-90A495156C2C}.Release|Any CPU.Build.0 = Release|Any CPU
	EndGlobalSection
	GlobalSection(SolutionProperties) = preSolution
		HideSolutionNode = FALSE
	EndGlobalSection
	GlobalSection(ExtensibilityGlobals) = postSolution
		SolutionGuid = {5E6CF999-2008-41BC-9A37-DDEBB838D2CD}
	EndGlobalSection
EndGlobal
